
Microsoft Visual Studio Solution File, Format Version 12.00
# Visual Studio 15
VisualStudioVersion = 15.0.26730.16
MinimumVisualStudioVersion = 10.0.40219.1
Project("{FAE04EC0-301F-11D3-BF4B-00C04F79EFBC}") = "csharp_consola", "csharp_consola\csharp_consola.csproj", "{749CC651-500C-4016-A37F-50B3BB71E1E7}"
EndProject
Project("{F184B08F-C81C-45F6-A57F-5ABD9991F28F}") = "consola_visual_basica", "consola_visual_basica\consola_visual_basica.vbproj", "{4EE14AF7-0D8B-4B37-94F9-E9CC46D736B7}"
EndProject
Global
	GlobalSection(SolutionConfigurationPlatforms) = preSolution
		Debug|Any CPU = Debug|Any CPU
		Release|Any CPU = Release|Any CPU
	EndGlobalSection
	GlobalSection(ProjectConfigurationPlatforms) = postSolution
		{749CC651-500C-4016-A37F-50B3BB71E1E7}.Debug|Any CPU.ActiveCfg = Debug|Any CPU
		{749CC651-500C-4016-A37F-50B3BB71E1E7}.Debug|Any CPU.Build.0 = Debug|Any CPU
		{749CC651-500C-4016-A37F-50B3BB71E1E7}.Release|Any CPU.ActiveCfg = Release|Any CPU
		{749CC651-500C-4016-A37F-50B3BB71E1E7}.Release|Any CPU.Build.0 = Release|Any CPU
		{4EE14AF7-0D8B-4B37-94F9-E9CC46D736B7}.Debug|Any CPU.ActiveCfg = Debug|Any CPU
		{4EE14AF7-0D8B-4B37-94F9-E9CC46D736B7}.Debug|Any CPU.Build.0 = Debug|Any CPU
		{4EE14AF7-0D8B-4B37-94F9-E9CC46D736B7}.Release|Any CPU.ActiveCfg = Release|Any CPU
		{4EE14AF7-0D8B-4B37-94F9-E9CC46D736B7}.Release|Any CPU.Build.0 = Release|Any CPU
	EndGlobalSection
	GlobalSection(SolutionProperties) = preSolution
		HideSolutionNode = FALSE
	EndGlobalSection
	GlobalSection(ExtensibilityGlobals) = postSolution
		SolutionGuid = {1C5E31D0-C176-45D6-976B-B2E26D438D0C}
	EndGlobalSection
EndGlobal
